
Microsoft Visual Studio Solution File, Format Version 12.00
# Visual Studio Version 17
VisualStudioVersion = 17.14.36414.22 d17.14
MinimumVisualStudioVersion = 10.0.40219.1
Project("{FAE04EC0-301F-11D3-BF4B-00C04F79EFBC}") = "PizzaOrder_Project", "PizzaOrder_Project.csproj", "{4A3050B2-3389-473E-8185-C28C06D865BB}"
EndProject
Global
	GlobalSection(SolutionConfigurationPlatforms) = preSolution
		Debug|Any CPU = Debug|Any CPU
		Release|Any CPU = Release|Any CPU
	EndGlobalSection
	GlobalSection(ProjectConfigurationPlatforms) = postSolution
		{4A3050B2-3389-473E-8185-C28C06D865BB}.Debug|Any CPU.ActiveCfg = Debug|Any CPU
		{4A3050B2-3389-473E-8185-C28C06D865BB}.Debug|Any CPU.Build.0 = Debug|Any CPU
		{4A3050B2-3389-473E-8185-C28C06D865BB}.Release|Any CPU.ActiveCfg = Release|Any CPU
		{4A3050B2-3389-473E-8185-C28C06D865BB}.Release|Any CPU.Build.0 = Release|Any CPU
	EndGlobalSection
	GlobalSection(SolutionProperties) = preSolution
		HideSolutionNode = FALSE
	EndGlobalSection
	GlobalSection(ExtensibilityGlobals) = postSolution
		SolutionGuid = {112B6911-74E1-4D3D-ACBD-B076583A86A9}
	EndGlobalSection
EndGlobal
